
Microsoft Visual Studio Solution File, Format Version 12.00
# Visual Studio Version 16
VisualStudioVersion = 16.0.34031.81
MinimumVisualStudioVersion = 10.0.40219.1
Project("{FAE04EC0-301F-11D3-BF4B-00C04F79EFBC}") = "Tyuiu.SorokinAD.Sprint4.Task0.V2", "Tyuiu.SorokinAD.Sprint4.Task0.V2\Tyuiu.SorokinAD.Sprint4.Task0.V2.csproj", "{DC0A1C5C-5FCA-47B8-9668-9072C39AFBAF}"
EndProject
Project("{FAE04EC0-301F-11D3-BF4B-00C04F79EFBC}") = "Tyuiu.SorokinAD.Sprint4.Task0.V2.Lib", "Tyuiu.SorokinAD.Sprint4.Task0.V2.Lib\Tyuiu.SorokinAD.Sprint4.Task0.V2.Lib.csproj", "{9F976D65-4C8E-4041-B558-342E2ACA7CAD}"
EndProject
Project("{2150E333-8FDC-42A3-9474-1A3956D46DE8}") = "Task0", "Task0", "{4FA88B67-A9F5-4791-9F13-D1C04BCE9A76}"
EndProject
Project("{FAE04EC0-301F-11D3-BF4B-00C04F79EFBC}") = "Tyuiu.SorokinAD.Sprint4.Task0.V2.Test", "Tyuiu.SorokinAD.Sprint4.Task0.V2.Test\Tyuiu.SorokinAD.Sprint4.Task0.V2.Test.csproj", "{E7E9EF45-EF83-4840-AE2E-D38052EB885F}"
EndProject
Project("{2150E333-8FDC-42A3-9474-1A3956D46DE8}") = "Task1", "Task1", "{04680A35-8625-4429-AE5A-B44BBEC35D17}"
EndProject
Project("{FAE04EC0-301F-11D3-BF4B-00C04F79EFBC}") = "Tyuiu.SorokinAD.Sprint4.Task1.V5", "Tyuiu.SorokinAD.Sprint4.Task1.V5\Tyuiu.SorokinAD.Sprint4.Task1.V5.csproj", "{272F6586-EF9F-475A-88D5-9A509DB7022A}"
EndProject
Project("{FAE04EC0-301F-11D3-BF4B-00C04F79EFBC}") = "Tyuiu.SorokinAD.Sprint4.Task1.V5.Lib", "Tyuiu.SorokinAD.Sprint4.Task1.V5.Lib\Tyuiu.SorokinAD.Sprint4.Task1.V5.Lib.csproj", "{9E48D50F-7F86-4FCF-B608-98F3AE496844}"
EndProject
Project("{FAE04EC0-301F-11D3-BF4B-00C04F79EFBC}") = "Tyuiu.SorokinAD.Sprint4.Task1.V5.Test", "Tyuiu.SorokinAD.Sprint4.Task1.V5.Test\Tyuiu.SorokinAD.Sprint4.Task1.V5.Test.csproj", "{43AF7AD3-DD67-4A38-AAD1-C8BB30F5A587}"
EndProject
Project("{2150E333-8FDC-42A3-9474-1A3956D46DE8}") = "Task2", "Task2", "{236B67E1-AB3B-4C9D-817B-85E4C7511501}"
EndProject
Project("{FAE04EC0-301F-11D3-BF4B-00C04F79EFBC}") = "Tyuiu.SorokinAD.Sprint4.Task2.V21", "Tyuiu.SorokinAD.Sprint4.Task2.V21\Tyuiu.SorokinAD.Sprint4.Task2.V21.csproj", "{EF734FBA-E71A-40BB-B237-D4A727E4140E}"
EndProject
Project("{FAE04EC0-301F-11D3-BF4B-00C04F79EFBC}") = "Tyuiu.SorokinAD.Sprint4.Task2.V21.Lib", "Tyuiu.SorokinAD.Sprint4.Task2.V21.Lib\Tyuiu.SorokinAD.Sprint4.Task2.V21.Lib.csproj", "{B0B69F11-45DD-47BE-B595-F90C38735BD0}"
EndProject
Project("{FAE04EC0-301F-11D3-BF4B-00C04F79EFBC}") = "Tyuiu.SorokinAD.Sprint4.Task2.V21.Test", "Tyuiu.SorokinAD.Sprint4.Task2.V21.Test\Tyuiu.SorokinAD.Sprint4.Task2.V21.Test.csproj", "{B983B07B-BFBB-4B9C-BD42-3D579231D88F}"
EndProject
Project("{FAE04EC0-301F-11D3-BF4B-00C04F79EFBC}") = "Tyuiu.SorokinAD.Sprint4.Task3.V22", "Tyuiu.SorokinAD.Sprint4.Task3.V22\Tyuiu.SorokinAD.Sprint4.Task3.V22.csproj", "{8CF0B5E9-DDFE-4F4B-9F17-B28788E184F9}"
EndProject
Project("{2150E333-8FDC-42A3-9474-1A3956D46DE8}") = "Task3", "Task3", "{5D723C09-243B-4994-A425-ECBFC64E2C15}"
EndProject
Project("{FAE04EC0-301F-11D3-BF4B-00C04F79EFBC}") = "Tyuiu.SorokinAD.Sprint4.Task3.V22.Lib", "Tyuiu.SorokinAD.Sprint4.Task3.V22.Lib\Tyuiu.SorokinAD.Sprint4.Task3.V22.Lib.csproj", "{88E6E9C5-EC2F-4C6D-B969-62634A0B9DE1}"
EndProject
Project("{FAE04EC0-301F-11D3-BF4B-00C04F79EFBC}") = "Tyuiu.SorokinAD.Sprint4.Task3.V22.Test", "Tyuiu.SorokinAD.Sprint4.Task3.V22.Test\Tyuiu.SorokinAD.Sprint4.Task3.V22.Test.csproj", "{CC3DA5C2-9C1D-4D57-91EF-CF4C248FB653}"
EndProject
Project("{2150E333-8FDC-42A3-9474-1A3956D46DE8}") = "Task4", "Task4", "{76219C2D-7257-4ED0-A674-24753DDFBDDB}"
EndProject
Project("{FAE04EC0-301F-11D3-BF4B-00C04F79EFBC}") = "Tyuiu.SorokinAD.Sprint4.Task4.V6", "Tyuiu.SorokinAD.Sprint4.Task4.V6\Tyuiu.SorokinAD.Sprint4.Task4.V6.csproj", "{A6E381A5-D875-4414-8838-C3D5F90773EF}"
EndProject
Project("{FAE04EC0-301F-11D3-BF4B-00C04F79EFBC}") = "Tyuiu.SorokinAD.Sprint4.Task4.V6.Lib", "Tyuiu.SorokinAD.Sprint4.Task4.V6.Lib\Tyuiu.SorokinAD.Sprint4.Task4.V6.Lib.csproj", "{52139F7B-E80B-44F8-85EB-97121CCD015E}"
EndProject
Project("{FAE04EC0-301F-11D3-BF4B-00C04F79EFBC}") = "Tyuiu.SorokinAD.Sprint4.Task4.V6.Test", "Tyuiu.SorokinAD.Sprint4.Task4.V6.Test\Tyuiu.SorokinAD.Sprint4.Task4.V6.Test.csproj", "{E08CFFA6-9B12-47D6-BA1E-738DFC27883C}"
EndProject
Project("{2150E333-8FDC-42A3-9474-1A3956D46DE8}") = "Task5", "Task5", "{AA9DBBF9-1717-4268-B404-8A7EF5DA160B}"
EndProject
Project("{FAE04EC0-301F-11D3-BF4B-00C04F79EFBC}") = "Tyuiu.SorokinAD.Sprint4.Task5.V5", "Tyuiu.SorokinAD.Sprint4.Task5.V5\Tyuiu.SorokinAD.Sprint4.Task5.V5.csproj", "{8F3B8194-D8C1-4CE1-A599-2E847AE323B5}"
EndProject
Project("{FAE04EC0-301F-11D3-BF4B-00C04F79EFBC}") = "Tyuiu.SorokinAD.Sprint4.Task5.V5.Lib", "Tyuiu.SorokinAD.Sprint4.Task5.V5.Lib\Tyuiu.SorokinAD.Sprint4.Task5.V5.Lib.csproj", "{16A1B4C3-6FD7-47B6-A977-EA66D6BCD35C}"
EndProject
Project("{FAE04EC0-301F-11D3-BF4B-00C04F79EFBC}") = "Tyuiu.SorokinAD.Sprint4.Task5.V5.Test", "Tyuiu.SorokinAD.Sprint4.Task5.V5.Test\Tyuiu.SorokinAD.Sprint4.Task5.V5.Test.csproj", "{D72C43A5-966F-47D1-B4D7-7CC287128B33}"
EndProject
Project("{2150E333-8FDC-42A3-9474-1A3956D46DE8}") = "Task6", "Task6", "{1DF6682D-804B-4F5D-9326-C5F7C48E5B15}"
EndProject
Project("{2150E333-8FDC-42A3-9474-1A3956D46DE8}") = "Task7", "Task7", "{F7881120-BE5B-4F46-9D44-553389EEA8A4}"
EndProject
Project("{FAE04EC0-301F-11D3-BF4B-00C04F79EFBC}") = "Tyuiu.SorokinAD.Sprint4.Task6.V7", "Tyuiu.SorokinAD.Sprint4.Task6.V7\Tyuiu.SorokinAD.Sprint4.Task6.V7.csproj", "{2A87B9CD-4C7A-4612-8E7B-E1FD8A575277}"
EndProject
Project("{FAE04EC0-301F-11D3-BF4B-00C04F79EFBC}") = "Tyuiu.SorokinAD.Sprint4.Task6.V7.Lib", "Tyuiu.SorokinAD.Sprint4.Task6.V7.Lib\Tyuiu.SorokinAD.Sprint4.Task6.V7.Lib.csproj", "{A4C34B1E-13DF-4902-9A65-2BBD7F60D0F2}"
EndProject
Project("{FAE04EC0-301F-11D3-BF4B-00C04F79EFBC}") = "Tyuiu.SorokinAD.Sprint4.Task6.V7.Test", "Tyuiu.SorokinAD.Sprint4.Task6.V7.Test\Tyuiu.SorokinAD.Sprint4.Task6.V7.Test.csproj", "{2852AA2B-5B2B-4F7F-9F9B-66BB1072299C}"
EndProject
Global
	GlobalSection(SolutionConfigurationPlatforms) = preSolution
		Debug|Any CPU = Debug|Any CPU
		Release|Any CPU = Release|Any CPU
	EndGlobalSection
	GlobalSection(ProjectConfigurationPlatforms) = postSolution
		{DC0A1C5C-5FCA-47B8-9668-9072C39AFBAF}.Debug|Any CPU.ActiveCfg = Debug|Any CPU
		{DC0A1C5C-5FCA-47B8-9668-9072C39AFBAF}.Debug|Any CPU.Build.0 = Debug|Any CPU
		{DC0A1C5C-5FCA-47B8-9668-9072C39AFBAF}.Release|Any CPU.ActiveCfg = Release|Any CPU
		{DC0A1C5C-5FCA-47B8-9668-9072C39AFBAF}.Release|Any CPU.Build.0 = Release|Any CPU
		{9F976D65-4C8E-4041-B558-342E2ACA7CAD}.Debug|Any CPU.ActiveCfg = Debug|Any CPU
		{9F976D65-4C8E-4041-B558-342E2ACA7CAD}.Debug|Any CPU.Build.0 = Debug|Any CPU
		{9F976D65-4C8E-4041-B558-342E2ACA7CAD}.Release|Any CPU.ActiveCfg = Release|Any CPU
		{9F976D65-4C8E-4041-B558-342E2ACA7CAD}.Release|Any CPU.Build.0 = Release|Any CPU
		{E7E9EF45-EF83-4840-AE2E-D38052EB885F}.Debug|Any CPU.ActiveCfg = Debug|Any CPU
		{E7E9EF45-EF83-4840-AE2E-D38052EB885F}.Debug|Any CPU.Build.0 = Debug|Any CPU
		{E7E9EF45-EF83-4840-AE2E-D38052EB885F}.Release|Any CPU.ActiveCfg = Release|Any CPU
		{E7E9EF45-EF83-4840-AE2E-D38052EB885F}.Release|Any CPU.Build.0 = Release|Any CPU
		{272F6586-EF9F-475A-88D5-9A509DB7022A}.Debug|Any CPU.ActiveCfg = Debug|Any CPU
		{272F6586-EF9F-475A-88D5-9A509DB7022A}.Debug|Any CPU.Build.0 = Debug|Any CPU
		{272F6586-EF9F-475A-88D5-9A509DB7022A}.Release|Any CPU.ActiveCfg = Release|Any CPU
		{272F6586-EF9F-475A-88D5-9A509DB7022A}.Release|Any CPU.Build.0 = Release|Any CPU
		{9E48D50F-7F86-4FCF-B608-98F3AE496844}.Debug|Any CPU.ActiveCfg = Debug|Any CPU
		{9E48D50F-7F86-4FCF-B608-98F3AE496844}.Debug|Any CPU.Build.0 = Debug|Any CPU
		{9E48D50F-7F86-4FCF-B608-98F3AE496844}.Release|Any CPU.ActiveCfg = Release|Any CPU
		{9E48D50F-7F86-4FCF-B608-98F3AE496844}.Release|Any CPU.Build.0 = Release|Any CPU
		{43AF7AD3-DD67-4A38-AAD1-C8BB30F5A587}.Debug|Any CPU.ActiveCfg = Debug|Any CPU
		{43AF7AD3-DD67-4A38-AAD1-C8BB30F5A587}.Debug|Any CPU.Build.0 = Debug|Any CPU
		{43AF7AD3-DD67-4A38-AAD1-C8BB30F5A587}.Release|Any CPU.ActiveCfg = Release|Any CPU
		{43AF7AD3-DD67-4A38-AAD1-C8BB30F5A587}.Release|Any CPU.Build.0 = Release|Any CPU
		{EF734FBA-E71A-40BB-B237-D4A727E4140E}.Debug|Any CPU.ActiveCfg = Debug|Any CPU
		{EF734FBA-E71A-40BB-B237-D4A727E4140E}.Debug|Any CPU.Build.0 = Debug|Any CPU
		{EF734FBA-E71A-40BB-B237-D4A727E4140E}.Release|Any CPU.ActiveCfg = Release|Any CPU
		{EF734FBA-E71A-40BB-B237-D4A727E4140E}.Release|Any CPU.Build.0 = Release|Any CPU
		{B0B69F11-45DD-47BE-B595-F90C38735BD0}.Debug|Any CPU.ActiveCfg = Debug|Any CPU
		{B0B69F11-45DD-47BE-B595-F90C38735BD0}.Debug|Any CPU.Build.0 = Debug|Any CPU
		{B0B69F11-45DD-47BE-B595-F90C38735BD0}.Release|Any CPU.ActiveCfg = Release|Any CPU
		{B0B69F11-45DD-47BE-B595-F90C38735BD0}.Release|Any CPU.Build.0 = Release|Any CPU
		{B983B07B-BFBB-4B9C-BD42-3D579231D88F}.Debug|Any CPU.ActiveCfg = Debug|Any CPU
		{B983B07B-BFBB-4B9C-BD42-3D579231D88F}.Debug|Any CPU.Build.0 = Debug|Any CPU
		{B983B07B-BFBB-4B9C-BD42-3D579231D88F}.Release|Any CPU.ActiveCfg = Release|Any CPU
		{B983B07B-BFBB-4B9C-BD42-3D579231D88F}.Release|Any CPU.Build.0 = Release|Any CPU
		{8CF0B5E9-DDFE-4F4B-9F17-B28788E184F9}.Debug|Any CPU.ActiveCfg = Debug|Any CPU
		{8CF0B5E9-DDFE-4F4B-9F17-B28788E184F9}.Debug|Any CPU.Build.0 = Debug|Any CPU
		{8CF0B5E9-DDFE-4F4B-9F17-B28788E184F9}.Release|Any CPU.ActiveCfg = Release|Any CPU
		{8CF0B5E9-DDFE-4F4B-9F17-B28788E184F9}.Release|Any CPU.Build.0 = Release|Any CPU
		{88E6E9C5-EC2F-4C6D-B969-62634A0B9DE1}.Debug|Any CPU.ActiveCfg = Debug|Any CPU
		{88E6E9C5-EC2F-4C6D-B969-62634A0B9DE1}.Debug|Any CPU.Build.0 = Debug|Any CPU
		{88E6E9C5-EC2F-4C6D-B969-62634A0B9DE1}.Release|Any CPU.ActiveCfg = Release|Any CPU
		{88E6E9C5-EC2F-4C6D-B969-62634A0B9DE1}.Release|Any CPU.Build.0 = Release|Any CPU
		{CC3DA5C2-9C1D-4D57-91EF-CF4C248FB653}.Debug|Any CPU.ActiveCfg = Debug|Any CPU
		{CC3DA5C2-9C1D-4D57-91EF-CF4C248FB653}.Debug|Any CPU.Build.0 = Debug|Any CPU
		{CC3DA5C2-9C1D-4D57-91EF-CF4C248FB653}.Release|Any CPU.ActiveCfg = Release|Any CPU
		{CC3DA5C2-9C1D-4D57-91EF-CF4C248FB653}.Release|Any CPU.Build.0 = Release|Any CPU
		{A6E381A5-D875-4414-8838-C3D5F90773EF}.Debug|Any CPU.ActiveCfg = Debug|Any CPU
		{A6E381A5-D875-4414-8838-C3D5F90773EF}.Debug|Any CPU.Build.0 = Debug|Any CPU
		{A6E381A5-D875-4414-8838-C3D5F90773EF}.Release|Any CPU.ActiveCfg = Release|Any CPU
		{A6E381A5-D875-4414-8838-C3D5F90773EF}.Release|Any CPU.Build.0 = Release|Any CPU
		{52139F7B-E80B-44F8-85EB-97121CCD015E}.Debug|Any CPU.ActiveCfg = Debug|Any CPU
		{52139F7B-E80B-44F8-85EB-97121CCD015E}.Debug|Any CPU.Build.0 = Debug|Any CPU
		{52139F7B-E80B-44F8-85EB-97121CCD015E}.Release|Any CPU.ActiveCfg = Release|Any CPU
		{52139F7B-E80B-44F8-85EB-97121CCD015E}.Release|Any CPU.Build.0 = Release|Any CPU
		{E08CFFA6-9B12-47D6-BA1E-738DFC27883C}.Debug|Any CPU.ActiveCfg = Debug|Any CPU
		{E08CFFA6-9B12-47D6-BA1E-738DFC27883C}.Debug|Any CPU.Build.0 = Debug|Any CPU
		{E08CFFA6-9B12-47D6-BA1E-738DFC27883C}.Release|Any CPU.ActiveCfg = Release|Any CPU
		{E08CFFA6-9B12-47D6-BA1E-738DFC27883C}.Release|Any CPU.Build.0 = Release|Any CPU
		{8F3B8194-D8C1-4CE1-A599-2E847AE323B5}.Debug|Any CPU.ActiveCfg = Debug|Any CPU
		{8F3B8194-D8C1-4CE1-A599-2E847AE323B5}.Debug|Any CPU.Build.0 = Debug|Any CPU
		{8F3B8194-D8C1-4CE1-A599-2E847AE323B5}.Release|Any CPU.ActiveCfg = Release|Any CPU
		{8F3B8194-D8C1-4CE1-A599-2E847AE323B5}.Release|Any CPU.Build.0 = Release|Any CPU
		{16A1B4C3-6FD7-47B6-A977-EA66D6BCD35C}.Debug|Any CPU.ActiveCfg = Debug|Any CPU
		{16A1B4C3-6FD7-47B6-A977-EA66D6BCD35C}.Debug|Any CPU.Build.0 = Debug|Any CPU
		{16A1B4C3-6FD7-47B6-A977-EA66D6BCD35C}.Release|Any CPU.ActiveCfg = Release|Any CPU
		{16A1B4C3-6FD7-47B6-A977-EA66D6BCD35C}.Release|Any CPU.Build.0 = Release|Any CPU
		{D72C43A5-966F-47D1-B4D7-7CC287128B33}.Debug|Any CPU.ActiveCfg = Debug|Any CPU
		{D72C43A5-966F-47D1-B4D7-7CC287128B33}.Debug|Any CPU.Build.0 = Debug|Any CPU
		{D72C43A5-966F-47D1-B4D7-7CC287128B33}.Release|Any CPU.ActiveCfg = Release|Any CPU
		{D72C43A5-966F-47D1-B4D7-7CC287128B33}.Release|Any CPU.Build.0 = Release|Any CPU
		{2A87B9CD-4C7A-4612-8E7B-E1FD8A575277}.Debug|Any CPU.ActiveCfg = Debug|Any CPU
		{2A87B9CD-4C7A-4612-8E7B-E1FD8A575277}.Debug|Any CPU.Build.0 = Debug|Any CPU
		{2A87B9CD-4C7A-4612-8E7B-E1FD8A575277}.Release|Any CPU.ActiveCfg = Release|Any CPU
		{2A87B9CD-4C7A-4612-8E7B-E1FD8A575277}.Release|Any CPU.Build.0 = Release|Any CPU
		{A4C34B1E-13DF-4902-9A65-2BBD7F60D0F2}.Debug|Any CPU.ActiveCfg = Debug|Any CPU
		{A4C34B1E-13DF-4902-9A65-2BBD7F60D0F2}.Debug|Any CPU.Build.0 = Debug|Any CPU
		{A4C34B1E-13DF-4902-9A65-2BBD7F60D0F2}.Release|Any CPU.ActiveCfg = Release|Any CPU
		{A4C34B1E-13DF-4902-9A65-2BBD7F60D0F2}.Release|Any CPU.Build.0 = Release|Any CPU
		{2852AA2B-5B2B-4F7F-9F9B-66BB1072299C}.Debug|Any CPU.ActiveCfg = Debug|Any CPU
		{2852AA2B-5B2B-4F7F-9F9B-66BB1072299C}.Debug|Any CPU.Build.0 = Debug|Any CPU
		{2852AA2B-5B2B-4F7F-9F9B-66BB1072299C}.Release|Any CPU.ActiveCfg = Release|Any CPU
		{2852AA2B-5B2B-4F7F-9F9B-66BB1072299C}.Release|Any CPU.Build.0 = Release|Any CPU
	EndGlobalSection
	GlobalSection(SolutionProperties) = preSolution
		HideSolutionNode = FALSE
	EndGlobalSection
	GlobalSection(NestedProjects) = preSolution
		{DC0A1C5C-5FCA-47B8-9668-9072C39AFBAF} = {4FA88B67-A9F5-4791-9F13-D1C04BCE9A76}
		{9F976D65-4C8E-4041-B558-342E2ACA7CAD} = {4FA88B67-A9F5-4791-9F13-D1C04BCE9A76}
		{E7E9EF45-EF83-4840-AE2E-D38052EB885F} = {4FA88B67-A9F5-4791-9F13-D1C04BCE9A76}
		{272F6586-EF9F-475A-88D5-9A509DB7022A} = {04680A35-8625-4429-AE5A-B44BBEC35D17}
		{9E48D50F-7F86-4FCF-B608-98F3AE496844} = {04680A35-8625-4429-AE5A-B44BBEC35D17}
		{43AF7AD3-DD67-4A38-AAD1-C8BB30F5A587} = {04680A35-8625-4429-AE5A-B44BBEC35D17}
		{EF734FBA-E71A-40BB-B237-D4A727E4140E} = {236B67E1-AB3B-4C9D-817B-85E4C7511501}
		{B0B69F11-45DD-47BE-B595-F90C38735BD0} = {236B67E1-AB3B-4C9D-817B-85E4C7511501}
		{B983B07B-BFBB-4B9C-BD42-3D579231D88F} = {236B67E1-AB3B-4C9D-817B-85E4C7511501}
		{8CF0B5E9-DDFE-4F4B-9F17-B28788E184F9} = {5D723C09-243B-4994-A425-ECBFC64E2C15}
		{88E6E9C5-EC2F-4C6D-B969-62634A0B9DE1} = {5D723C09-243B-4994-A425-ECBFC64E2C15}
		{CC3DA5C2-9C1D-4D57-91EF-CF4C248FB653} = {5D723C09-243B-4994-A425-ECBFC64E2C15}
		{A6E381A5-D875-4414-8838-C3D5F90773EF} = {76219C2D-7257-4ED0-A674-24753DDFBDDB}
		{52139F7B-E80B-44F8-85EB-97121CCD015E} = {76219C2D-7257-4ED0-A674-24753DDFBDDB}
		{E08CFFA6-9B12-47D6-BA1E-738DFC27883C} = {76219C2D-7257-4ED0-A674-24753DDFBDDB}
		{8F3B8194-D8C1-4CE1-A599-2E847AE323B5} = {AA9DBBF9-1717-4268-B404-8A7EF5DA160B}
		{16A1B4C3-6FD7-47B6-A977-EA66D6BCD35C} = {AA9DBBF9-1717-4268-B404-8A7EF5DA160B}
		{D72C43A5-966F-47D1-B4D7-7CC287128B33} = {AA9DBBF9-1717-4268-B404-8A7EF5DA160B}
		{2A87B9CD-4C7A-4612-8E7B-E1FD8A575277} = {1DF6682D-804B-4F5D-9326-C5F7C48E5B15}
		{A4C34B1E-13DF-4902-9A65-2BBD7F60D0F2} = {1DF6682D-804B-4F5D-9326-C5F7C48E5B15}
		{2852AA2B-5B2B-4F7F-9F9B-66BB1072299C} = {1DF6682D-804B-4F5D-9326-C5F7C48E5B15}
	EndGlobalSection
	GlobalSection(ExtensibilityGlobals) = postSolution
		SolutionGuid = {716C837D-5667-4240-A4A4-F9D2868AED64}
	EndGlobalSection
EndGlobal
