
Microsoft Visual Studio Solution File, Format Version 12.00
# Visual Studio Version 16
VisualStudioVersion = 16.0.34031.81
MinimumVisualStudioVersion = 10.0.40219.1
Project("{FAE04EC0-301F-11D3-BF4B-00C04F79EFBC}") = "Tyuiu.SorokinAD.Sprint4.Task0.V2", "Tyuiu.SorokinAD.Sprint4.Task0.V2\Tyuiu.SorokinAD.Sprint4.Task0.V2.csproj", "{DC0A1C5C-5FCA-47B8-9668-9072C39AFBAF}"
EndProject
Project("{FAE04EC0-301F-11D3-BF4B-00C04F79EFBC}") = "Tyuiu.SorokinAD.Sprint4.Task0.V2.Lib", "Tyuiu.SorokinAD.Sprint4.Task0.V2.Lib\Tyuiu.SorokinAD.Sprint4.Task0.V2.Lib.csproj", "{9F976D65-4C8E-4041-B558-342E2ACA7CAD}"
EndProject
Project("{2150E333-8FDC-42A3-9474-1A3956D46DE8}") = "Task0", "Task0", "{4FA88B67-A9F5-4791-9F13-D1C04BCE9A76}"
EndProject
Project("{FAE04EC0-301F-11D3-BF4B-00C04F79EFBC}") = "Tyuiu.SorokinAD.Sprint4.Task0.V2.Test", "Tyuiu.SorokinAD.Sprint4.Task0.V2.Test\Tyuiu.SorokinAD.Sprint4.Task0.V2.Test.csproj", "{E7E9EF45-EF83-4840-AE2E-D38052EB885F}"
EndProject
Global
	GlobalSection(SolutionConfigurationPlatforms) = preSolution
		Debug|Any CPU = Debug|Any CPU
		Release|Any CPU = Release|Any CPU
	EndGlobalSection
	GlobalSection(ProjectConfigurationPlatforms) = postSolution
		{DC0A1C5C-5FCA-47B8-9668-9072C39AFBAF}.Debug|Any CPU.ActiveCfg = Debug|Any CPU
		{DC0A1C5C-5FCA-47B8-9668-9072C39AFBAF}.Debug|Any CPU.Build.0 = Debug|Any CPU
		{DC0A1C5C-5FCA-47B8-9668-9072C39AFBAF}.Release|Any CPU.ActiveCfg = Release|Any CPU
		{DC0A1C5C-5FCA-47B8-9668-9072C39AFBAF}.Release|Any CPU.Build.0 = Release|Any CPU
		{9F976D65-4C8E-4041-B558-342E2ACA7CAD}.Debug|Any CPU.ActiveCfg = Debug|Any CPU
		{9F976D65-4C8E-4041-B558-342E2ACA7CAD}.Debug|Any CPU.Build.0 = Debug|Any CPU
		{9F976D65-4C8E-4041-B558-342E2ACA7CAD}.Release|Any CPU.ActiveCfg = Release|Any CPU
		{9F976D65-4C8E-4041-B558-342E2ACA7CAD}.Release|Any CPU.Build.0 = Release|Any CPU
		{E7E9EF45-EF83-4840-AE2E-D38052EB885F}.Debug|Any CPU.ActiveCfg = Debug|Any CPU
		{E7E9EF45-EF83-4840-AE2E-D38052EB885F}.Debug|Any CPU.Build.0 = Debug|Any CPU
		{E7E9EF45-EF83-4840-AE2E-D38052EB885F}.Release|Any CPU.ActiveCfg = Release|Any CPU
		{E7E9EF45-EF83-4840-AE2E-D38052EB885F}.Release|Any CPU.Build.0 = Release|Any CPU
	EndGlobalSection
	GlobalSection(SolutionProperties) = preSolution
		HideSolutionNode = FALSE
	EndGlobalSection
	GlobalSection(NestedProjects) = preSolution
		{DC0A1C5C-5FCA-47B8-9668-9072C39AFBAF} = {4FA88B67-A9F5-4791-9F13-D1C04BCE9A76}
		{9F976D65-4C8E-4041-B558-342E2ACA7CAD} = {4FA88B67-A9F5-4791-9F13-D1C04BCE9A76}
		{E7E9EF45-EF83-4840-AE2E-D38052EB885F} = {4FA88B67-A9F5-4791-9F13-D1C04BCE9A76}
	EndGlobalSection
	GlobalSection(ExtensibilityGlobals) = postSolution
		SolutionGuid = {716C837D-5667-4240-A4A4-F9D2868AED64}
	EndGlobalSection
EndGlobal
